{
  "originHash" : "61a1ae62b0bb58059ebb5a212cd7b89c401f9ff7d246ca8aafd674db43522e90",
  "pins" : [
    {
      "identity" : "ghoststrings-ios",
      "kind" : "remoteSourceControl",
      "location" : "https://github.com/shahwaiz90/ghoststrings-ios",
      "state" : {
        "revision" : "b4a76090e6843845f8cd7001d5e4e5b70279dcbc",
        "version" : "1.4.1"
      }
    }
  ],
  "version" : 3
}
